
Microsoft Visual Studio Solution File, Format Version 12.00
# Visual Studio Version 16
VisualStudioVersion = 16.0.30413.136
MinimumVisualStudioVersion = 10.0.40219.1
Project("{FAE04EC0-301F-11D3-BF4B-00C04F79EFBC}") = "contactBookProject", "contactBook\contactBookProject.csproj", "{F6968A60-088F-4D96-99F4-0A21A94C32EE}"
EndProject
Global
	GlobalSection(SolutionConfigurationPlatforms) = preSolution
		Debug|Any CPU = Debug|Any CPU
		Release|Any CPU = Release|Any CPU
	EndGlobalSection
	GlobalSection(ProjectConfigurationPlatforms) = postSolution
		{F6968A60-088F-4D96-99F4-0A21A94C32EE}.Debug|Any CPU.ActiveCfg = Debug|Any CPU
		{F6968A60-088F-4D96-99F4-0A21A94C32EE}.Debug|Any CPU.Build.0 = Debug|Any CPU
		{F6968A60-088F-4D96-99F4-0A21A94C32EE}.Release|Any CPU.ActiveCfg = Release|Any CPU
		{F6968A60-088F-4D96-99F4-0A21A94C32EE}.Release|Any CPU.Build.0 = Release|Any CPU
	EndGlobalSection
	GlobalSection(SolutionProperties) = preSolution
		HideSolutionNode = FALSE
	EndGlobalSection
	GlobalSection(ExtensibilityGlobals) = postSolution
		SolutionGuid = {A0E7A7FD-8929-4560-A266-DAE75DFE4C11}
	EndGlobalSection
EndGlobal
